
Microsoft Visual Studio Solution File, Format Version 12.00
# Visual Studio Version 17
VisualStudioVersion = 17.11.35312.102
MinimumVisualStudioVersion = 10.0.40219.1
Project("{888888A0-9F3D-457C-B088-3A5042F75D52}") = "FPT Project - ICS3U", "FPT Project - ICS3U\FPT Project - ICS3U.pyproj", "{51F425F3-B9D3-452D-B86B-8BE0B555FF11}"
EndProject
Global
	GlobalSection(SolutionConfigurationPlatforms) = preSolution
		Debug|Any CPU = Debug|Any CPU
		Release|Any CPU = Release|Any CPU
	EndGlobalSection
	GlobalSection(ProjectConfigurationPlatforms) = postSolution
		{51F425F3-B9D3-452D-B86B-8BE0B555FF11}.Debug|Any CPU.ActiveCfg = Debug|Any CPU
		{51F425F3-B9D3-452D-B86B-8BE0B555FF11}.Release|Any CPU.ActiveCfg = Release|Any CPU
	EndGlobalSection
	GlobalSection(SolutionProperties) = preSolution
		HideSolutionNode = FALSE
	EndGlobalSection
	GlobalSection(ExtensibilityGlobals) = postSolution
		SolutionGuid = {BCFFAEBE-1738-44C1-AB21-DCAB818BD9EF}
	EndGlobalSection
EndGlobal
